// !$*UTF8*$!
{
	archiveVersion = 1;
	classes = {
	};
	objectVersion = 56;
	objects = {

/* Begin PBXBuildFile section */
		262ED03E2E9DEF1A00D8BBDB /* ClipItem+Extensions.swift in Sources */ = {isa = PBXBuildFile; fileRef = 262ED03D2E9DEF1A00D8BBDB /* ClipItem+Extensions.swift */; };
		262ED0472E9F862A00D8BBDB /* ShareViewController.swift in Sources */ = {isa = PBXBuildFile; fileRef = 262ED0462E9F862A00D8BBDB /* ShareViewController.swift */; };
		262ED04A2E9F862A00D8BBDB /* MainInterface.storyboard in Resources */ = {isa = PBXBuildFile; fileRef = 262ED0482E9F862A00D8BBDB /* MainInterface.storyboard */; };
		262ED04E2E9F862A00D8BBDB /* ClipStackShare.appex in Embed Foundation Extensions */ = {isa = PBXBuildFile; fileRef = 262ED0442E9F862A00D8BBDB /* ClipStackShare.appex */; settings = {ATTRIBUTES = (RemoveHeadersOnCopy, ); }; };
		262ED0542E9F8A4200D8BBDB /* ClipStack.xcdatamodeld in Sources */ = {isa = PBXBuildFile; fileRef = 26ADDD432E9CC9E100D3B9E6 /* ClipStack.xcdatamodeld */; };
		262ED0552E9F8A5600D8BBDB /* Persistence.swift in Sources */ = {isa = PBXBuildFile; fileRef = 26ADDD412E9CC9E100D3B9E6 /* Persistence.swift */; };
		262ED0562E9F8A6300D8BBDB /* ClipItem+Extensions.swift in Sources */ = {isa = PBXBuildFile; fileRef = 262ED03D2E9DEF1A00D8BBDB /* ClipItem+Extensions.swift */; };
		26A5A12C2EA6029F00DE1816 /* AppDelegate.swift in Sources */ = {isa = PBXBuildFile; fileRef = 26A5A12B2EA6029F00DE1816 /* AppDelegate.swift */; };
		26ADDD392E9CC9DF00D3B9E6 /* ClipStackApp.swift in Sources */ = {isa = PBXBuildFile; fileRef = 26ADDD382E9CC9DF00D3B9E6 /* ClipStackApp.swift */; };
		26ADDD3B2E9CC9DF00D3B9E6 /* ContentView.swift in Sources */ = {isa = PBXBuildFile; fileRef = 26ADDD3A2E9CC9DF00D3B9E6 /* ContentView.swift */; };
		26ADDD3D2E9CC9E100D3B9E6 /* Assets.xcassets in Resources */ = {isa = PBXBuildFile; fileRef = 26ADDD3C2E9CC9E100D3B9E6 /* Assets.xcassets */; };
		26ADDD402E9CC9E100D3B9E6 /* Preview Assets.xcassets in Resources */ = {isa = PBXBuildFile; fileRef = 26ADDD3F2E9CC9E100D3B9E6 /* Preview Assets.xcassets */; };
		26ADDD422E9CC9E100D3B9E6 /* Persistence.swift in Sources */ = {isa = PBXBuildFile; fileRef = 26ADDD412E9CC9E100D3B9E6 /* Persistence.swift */; };
		26ADDD452E9CC9E100D3B9E6 /* ClipStack.xcdatamodeld in Sources */ = {isa = PBXBuildFile; fileRef = 26ADDD432E9CC9E100D3B9E6 /* ClipStack.xcdatamodeld */; };
		26ADDD4F2E9CC9E100D3B9E6 /* ClipStackTests.swift in Sources */ = {isa = PBXBuildFile; fileRef = 26ADDD4E2E9CC9E100D3B9E6 /* ClipStackTests.swift */; };
		26ADDD592E9CC9E100D3B9E6 /* ClipStackUITests.swift in Sources */ = {isa = PBXBuildFile; fileRef = 26ADDD582E9CC9E100D3B9E6 /* ClipStackUITests.swift */; };
		26ADDD5B2E9CC9E100D3B9E6 /* ClipStackUITestsLaunchTests.swift in Sources */ = {isa = PBXBuildFile; fileRef = 26ADDD5A2E9CC9E100D3B9E6 /* ClipStackUITestsLaunchTests.swift */; };
		26E270142EA8D68800884641 /* ImageViewer.swift in Sources */ = {isa = PBXBuildFile; fileRef = 26E270132EA8D68800884641 /* ImageViewer.swift */; };
		26E270162EA9D9C500884641 /* ClipItemDetailView.swift in Sources */ = {isa = PBXBuildFile; fileRef = 26E270152EA9D9C500884641 /* ClipItemDetailView.swift */; };
		26E270182EAB5C2200884641 /* ProManager.swift in Sources */ = {isa = PBXBuildFile; fileRef = 26E270172EAB5C2200884641 /* ProManager.swift */; };
		26E2701A2EAB611A00884641 /* SettingsView.swift in Sources */ = {isa = PBXBuildFile; fileRef = 26E270192EAB611A00884641 /* SettingsView.swift */; };
		26E2701B2EAB621300884641 /* ProManager.swift in Sources */ = {isa = PBXBuildFile; fileRef = 26E270172EAB5C2200884641 /* ProManager.swift */; };
		26E2701C2EAB621500884641 /* ProManager.swift in Sources */ = {isa = PBXBuildFile; fileRef = 26E270172EAB5C2200884641 /* ProManager.swift */; };
		26E2701E2EAF5E0800884641 /* DarwinNotificationCenter.swift in Sources */ = {isa = PBXBuildFile; fileRef = 26E2701D2EAF5E0800884641 /* DarwinNotificationCenter.swift */; };
		26E2701F2EAF5E0800884641 /* DarwinNotificationCenter.swift in Sources */ = {isa = PBXBuildFile; fileRef = 26E2701D2EAF5E0800884641 /* DarwinNotificationCenter.swift */; };
		26E2F44A2EA0840300FD77EE /* KeyboardViewController.swift in Sources */ = {isa = PBXBuildFile; fileRef = 26E2F4492EA0840300FD77EE /* KeyboardViewController.swift */; };
		26E2F44E2EA0840300FD77EE /* ClipStackKeyboard.appex in Embed Foundation Extensions */ = {isa = PBXBuildFile; fileRef = 26E2F4472EA0840300FD77EE /* ClipStackKeyboard.appex */; settings = {ATTRIBUTES = (RemoveHeadersOnCopy, ); }; };
		26E2F4532EA0850F00FD77EE /* ClipStack.xcdatamodeld in Sources */ = {isa = PBXBuildFile; fileRef = 26ADDD432E9CC9E100D3B9E6 /* ClipStack.xcdatamodeld */; };
		26E2F4542EA0851800FD77EE /* Persistence.swift in Sources */ = {isa = PBXBuildFile; fileRef = 26ADDD412E9CC9E100D3B9E6 /* Persistence.swift */; };
		26E2F4552EA0858100FD77EE /* ClipItem+Extensions.swift in Sources */ = {isa = PBXBuildFile; fileRef = 262ED03D2E9DEF1A00D8BBDB /* ClipItem+Extensions.swift */; };
		26E2F4572EA085AA00FD77EE /* ClipItemKeyboardRow.swift in Sources */ = {isa = PBXBuildFile; fileRef = 26E2F4562EA085AA00FD77EE /* ClipItemKeyboardRow.swift */; };
		26E2F45F2EA21C1900FD77EE /* WidgetKit.framework in Frameworks */ = {isa = PBXBuildFile; fileRef = 26E2F45E2EA21C1900FD77EE /* WidgetKit.framework */; };
		26E2F4612EA21C1900FD77EE /* SwiftUI.framework in Frameworks */ = {isa = PBXBuildFile; fileRef = 26E2F4602EA21C1900FD77EE /* SwiftUI.framework */; };
		26E2F4682EA21C1900FD77EE /* ClipStackWidget.swift in Sources */ = {isa = PBXBuildFile; fileRef = 26E2F4672EA21C1900FD77EE /* ClipStackWidget.swift */; };
		26E2F46A2EA21C1C00FD77EE /* Assets.xcassets in Resources */ = {isa = PBXBuildFile; fileRef = 26E2F4692EA21C1C00FD77EE /* Assets.xcassets */; };
		26E2F46E2EA21C1C00FD77EE /* ClipStackWidgetExtension.appex in Embed Foundation Extensions */ = {isa = PBXBuildFile; fileRef = 26E2F45C2EA21C1900FD77EE /* ClipStackWidgetExtension.appex */; settings = {ATTRIBUTES = (RemoveHeadersOnCopy, ); }; };
		26E2F4742EA21D0700FD77EE /* WidgetDataProvider.swift in Sources */ = {isa = PBXBuildFile; fileRef = 26E2F4732EA21D0700FD77EE /* WidgetDataProvider.swift */; };
		26E2F4762EA2267900FD77EE /* ClipStack.xcdatamodeld in Sources */ = {isa = PBXBuildFile; fileRef = 26ADDD432E9CC9E100D3B9E6 /* ClipStack.xcdatamodeld */; };
/* End PBXBuildFile section */

/* Begin PBXContainerItemProxy section */
		262ED04C2E9F862A00D8BBDB /* PBXContainerItemProxy */ = {
			isa = PBXContainerItemProxy;
			containerPortal = 26ADDD2D2E9CC9DF00D3B9E6 /* Project object */;
			proxyType = 1;
			remoteGlobalIDString = 262ED0432E9F862A00D8BBDB;
			remoteInfo = ClipStackShare;
		};
		26ADDD4B2E9CC9E100D3B9E6 /* PBXContainerItemProxy */ = {
			isa = PBXContainerItemProxy;
			containerPortal = 26ADDD2D2E9CC9DF00D3B9E6 /* Project object */;
			proxyType = 1;
			remoteGlobalIDString = 26ADDD342E9CC9DF00D3B9E6;
			remoteInfo = ClipStack;
		};
		26ADDD552E9CC9E100D3B9E6 /* PBXContainerItemProxy */ = {
			isa = PBXContainerItemProxy;
			containerPortal = 26ADDD2D2E9CC9DF00D3B9E6 /* Project object */;
			proxyType = 1;
			remoteGlobalIDString = 26ADDD342E9CC9DF00D3B9E6;
			remoteInfo = ClipStack;
		};
		26E2F44C2EA0840300FD77EE /* PBXContainerItemProxy */ = {
			isa = PBXContainerItemProxy;
			containerPortal = 26ADDD2D2E9CC9DF00D3B9E6 /* Project object */;
			proxyType = 1;
			remoteGlobalIDString = 26E2F4462EA0840300FD77EE;
			remoteInfo = ClipStackKeyboard;
		};
		26E2F46C2EA21C1C00FD77EE /* PBXContainerItemProxy */ = {
			isa = PBXContainerItemProxy;
			containerPortal = 26ADDD2D2E9CC9DF00D3B9E6 /* Project object */;
			proxyType = 1;
			remoteGlobalIDString = 26E2F45B2EA21C1900FD77EE;
			remoteInfo = ClipStackWidgetExtension;
		};
/* End PBXContainerItemProxy section */

/* Begin PBXCopyFilesBuildPhase section */
		262ED0522E9F862A00D8BBDB /* Embed Foundation Extensions */ = {
			isa = PBXCopyFilesBuildPhase;
			buildActionMask = 2147483647;
			dstPath = "";
			dstSubfolderSpec = 13;
			files = (
				26E2F44E2EA0840300FD77EE /* ClipStackKeyboard.appex in Embed Foundation Extensions */,
				262ED04E2E9F862A00D8BBDB /* ClipStackShare.appex in Embed Foundation Extensions */,
				26E2F46E2EA21C1C00FD77EE /* ClipStackWidgetExtension.appex in Embed Foundation Extensions */,
			);
			name = "Embed Foundation Extensions";
			runOnlyForDeploymentPostprocessing = 0;
		};
/* End PBXCopyFilesBuildPhase section */

/* Begin PBXFileReference section */
		262ED03D2E9DEF1A00D8BBDB /* ClipItem+Extensions.swift */ = {isa = PBXFileReference; lastKnownFileType = sourcecode.swift; path = "ClipItem+Extensions.swift"; sourceTree = "<group>"; };
		262ED03F2E9F83A400D8BBDB /* ClipStack.entitlements */ = {isa = PBXFileReference; lastKnownFileType = text.plist.entitlements; path = ClipStack.entitlements; sourceTree = "<group>"; };
		262ED0442E9F862A00D8BBDB /* ClipStackShare.appex */ = {isa = PBXFileReference; explicitFileType = "wrapper.app-extension"; includeInIndex = 0; path = ClipStackShare.appex; sourceTree = BUILT_PRODUCTS_DIR; };
		262ED0462E9F862A00D8BBDB /* ShareViewController.swift */ = {isa = PBXFileReference; lastKnownFileType = sourcecode.swift; path = ShareViewController.swift; sourceTree = "<group>"; };
		262ED0492E9F862A00D8BBDB /* Base */ = {isa = PBXFileReference; lastKnownFileType = file.storyboard; name = Base; path = Base.lproj/MainInterface.storyboard; sourceTree = "<group>"; };
		262ED04B2E9F862A00D8BBDB /* Info.plist */ = {isa = PBXFileReference; lastKnownFileType = text.plist.xml; path = Info.plist; sourceTree = "<group>"; };
		262ED0532E9F869E00D8BBDB /* ClipStackShare.entitlements */ = {isa = PBXFileReference; lastKnownFileType = text.plist.entitlements; path = ClipStackShare.entitlements; sourceTree = "<group>"; };
		26A5A12B2EA6029F00DE1816 /* AppDelegate.swift */ = {isa = PBXFileReference; lastKnownFileType = sourcecode.swift; path = AppDelegate.swift; sourceTree = "<group>"; };
		26ADDD352E9CC9DF00D3B9E6 /* ClipStack.app */ = {isa = PBXFileReference; explicitFileType = wrapper.application; includeInIndex = 0; path = ClipStack.app; sourceTree = BUILT_PRODUCTS_DIR; };
		26ADDD382E9CC9DF00D3B9E6 /* ClipStackApp.swift */ = {isa = PBXFileReference; lastKnownFileType = sourcecode.swift; path = ClipStackApp.swift; sourceTree = "<group>"; };
		26ADDD3A2E9CC9DF00D3B9E6 /* ContentView.swift */ = {isa = PBXFileReference; lastKnownFileType = sourcecode.swift; path = ContentView.swift; sourceTree = "<group>"; };
		26ADDD3C2E9CC9E100D3B9E6 /* Assets.xcassets */ = {isa = PBXFileReference; lastKnownFileType = folder.assetcatalog; path = Assets.xcassets; sourceTree = "<group>"; };
		26ADDD3F2E9CC9E100D3B9E6 /* Preview Assets.xcassets */ = {isa = PBXFileReference; lastKnownFileType = folder.assetcatalog; path = "Preview Assets.xcassets"; sourceTree = "<group>"; };
		26ADDD412E9CC9E100D3B9E6 /* Persistence.swift */ = {isa = PBXFileReference; lastKnownFileType = sourcecode.swift; path = Persistence.swift; sourceTree = "<group>"; };
		26ADDD442E9CC9E100D3B9E6 /* ClipStack.xcdatamodel */ = {isa = PBXFileReference; lastKnownFileType = wrapper.xcdatamodel; path = ClipStack.xcdatamodel; sourceTree = "<group>"; };
		26ADDD4A2E9CC9E100D3B9E6 /* ClipStackTests.xctest */ = {isa = PBXFileReference; explicitFileType = wrapper.cfbundle; includeInIndex = 0; path = ClipStackTests.xctest; sourceTree = BUILT_PRODUCTS_DIR; };
		26ADDD4E2E9CC9E100D3B9E6 /* ClipStackTests.swift */ = {isa = PBXFileReference; lastKnownFileType = sourcecode.swift; path = ClipStackTests.swift; sourceTree = "<group>"; };
		26ADDD542E9CC9E100D3B9E6 /* ClipStackUITests.xctest */ = {isa = PBXFileReference; explicitFileType = wrapper.cfbundle; includeInIndex = 0; path = ClipStackUITests.xctest; sourceTree = BUILT_PRODUCTS_DIR; };
		26ADDD582E9CC9E100D3B9E6 /* ClipStackUITests.swift */ = {isa = PBXFileReference; lastKnownFileType = sourcecode.swift; path = ClipStackUITests.swift; sourceTree = "<group>"; };
		26ADDD5A2E9CC9E100D3B9E6 /* ClipStackUITestsLaunchTests.swift */ = {isa = PBXFileReference; lastKnownFileType = sourcecode.swift; path = ClipStackUITestsLaunchTests.swift; sourceTree = "<group>"; };
		26E270132EA8D68800884641 /* ImageViewer.swift */ = {isa = PBXFileReference; lastKnownFileType = sourcecode.swift; path = ImageViewer.swift; sourceTree = "<group>"; };
		26E270152EA9D9C500884641 /* ClipItemDetailView.swift */ = {isa = PBXFileReference; lastKnownFileType = sourcecode.swift; path = ClipItemDetailView.swift; sourceTree = "<group>"; };
		26E270172EAB5C2200884641 /* ProManager.swift */ = {isa = PBXFileReference; lastKnownFileType = sourcecode.swift; path = ProManager.swift; sourceTree = "<group>"; };
		26E270192EAB611A00884641 /* SettingsView.swift */ = {isa = PBXFileReference; lastKnownFileType = sourcecode.swift; path = SettingsView.swift; sourceTree = "<group>"; };
		26E2701D2EAF5E0800884641 /* DarwinNotificationCenter.swift */ = {isa = PBXFileReference; lastKnownFileType = sourcecode.swift; path = DarwinNotificationCenter.swift; sourceTree = "<group>"; };
		26E2F4472EA0840300FD77EE /* ClipStackKeyboard.appex */ = {isa = PBXFileReference; explicitFileType = "wrapper.app-extension"; includeInIndex = 0; path = ClipStackKeyboard.appex; sourceTree = BUILT_PRODUCTS_DIR; };
		26E2F4492EA0840300FD77EE /* KeyboardViewController.swift */ = {isa = PBXFileReference; lastKnownFileType = sourcecode.swift; path = KeyboardViewController.swift; sourceTree = "<group>"; };
		26E2F44B2EA0840300FD77EE /* Info.plist */ = {isa = PBXFileReference; lastKnownFileType = text.plist.xml; path = Info.plist; sourceTree = "<group>"; };
		26E2F4522EA0842A00FD77EE /* ClipStackKeyboard.entitlements */ = {isa = PBXFileReference; lastKnownFileType = text.plist.entitlements; path = ClipStackKeyboard.entitlements; sourceTree = "<group>"; };
		26E2F4562EA085AA00FD77EE /* ClipItemKeyboardRow.swift */ = {isa = PBXFileReference; lastKnownFileType = sourcecode.swift; path = ClipItemKeyboardRow.swift; sourceTree = "<group>"; };
		26E2F45C2EA21C1900FD77EE /* ClipStackWidgetExtension.appex */ = {isa = PBXFileReference; explicitFileType = "wrapper.app-extension"; includeInIndex = 0; path = ClipStackWidgetExtension.appex; sourceTree = BUILT_PRODUCTS_DIR; };
		26E2F45E2EA21C1900FD77EE /* WidgetKit.framework */ = {isa = PBXFileReference; lastKnownFileType = wrapper.framework; name = WidgetKit.framework; path = System/Library/Frameworks/WidgetKit.framework; sourceTree = SDKROOT; };
		26E2F4602EA21C1900FD77EE /* SwiftUI.framework */ = {isa = PBXFileReference; lastKnownFileType = wrapper.framework; name = SwiftUI.framework; path = System/Library/Frameworks/SwiftUI.framework; sourceTree = SDKROOT; };
		26E2F4672EA21C1900FD77EE /* ClipStackWidget.swift */ = {isa = PBXFileReference; lastKnownFileType = sourcecode.swift; path = ClipStackWidget.swift; sourceTree = "<group>"; };
		26E2F4692EA21C1C00FD77EE /* Assets.xcassets */ = {isa = PBXFileReference; lastKnownFileType = folder.assetcatalog; path = Assets.xcassets; sourceTree = "<group>"; };
		26E2F46B2EA21C1C00FD77EE /* Info.plist */ = {isa = PBXFileReference; lastKnownFileType = text.plist.xml; path = Info.plist; sourceTree = "<group>"; };
		26E2F4722EA21C5900FD77EE /* ClipStackWidgetExtension.entitlements */ = {isa = PBXFileReference; lastKnownFileType = text.plist.entitlements; path = ClipStackWidgetExtension.entitlements; sourceTree = "<group>"; };
		26E2F4732EA21D0700FD77EE /* WidgetDataProvider.swift */ = {isa = PBXFileReference; lastKnownFileType = sourcecode.swift; path = WidgetDataProvider.swift; sourceTree = "<group>"; };
		26E2F4752EA21F9F00FD77EE /* Info.plist */ = {isa = PBXFileReference; lastKnownFileType = text.plist; path = Info.plist; sourceTree = "<group>"; };
/* End PBXFileReference section */

/* Begin PBXFrameworksBuildPhase section */
		262ED0412E9F862A00D8BBDB /* Frameworks */ = {
			isa = PBXFrameworksBuildPhase;
			buildActionMask = 2147483647;
			files = (
			);
			runOnlyForDeploymentPostprocessing = 0;
		};
		26ADDD322E9CC9DF00D3B9E6 /* Frameworks */ = {
			isa = PBXFrameworksBuildPhase;
			buildActionMask = 2147483647;
			files = (
			);
			runOnlyForDeploymentPostprocessing = 0;
		};
		26ADDD472E9CC9E100D3B9E6 /* Frameworks */ = {
			isa = PBXFrameworksBuildPhase;
			buildActionMask = 2147483647;
			files = (
			);
			runOnlyForDeploymentPostprocessing = 0;
		};
		26ADDD512E9CC9E100D3B9E6 /* Frameworks */ = {
			isa = PBXFrameworksBuildPhase;
			buildActionMask = 2147483647;
			files = (
			);
			runOnlyForDeploymentPostprocessing = 0;
		};
		26E2F4442EA0840300FD77EE /* Frameworks */ = {
			isa = PBXFrameworksBuildPhase;
			buildActionMask = 2147483647;
			files = (
			);
			runOnlyForDeploymentPostprocessing = 0;
		};
		26E2F4592EA21C1900FD77EE /* Frameworks */ = {
			isa = PBXFrameworksBuildPhase;
			buildActionMask = 2147483647;
			files = (
				26E2F4612EA21C1900FD77EE /* SwiftUI.framework in Frameworks */,
				26E2F45F2EA21C1900FD77EE /* WidgetKit.framework in Frameworks */,
			);
			runOnlyForDeploymentPostprocessing = 0;
		};
/* End PBXFrameworksBuildPhase section */

/* Begin PBXGroup section */
		262ED0452E9F862A00D8BBDB /* ClipStackShare */ = {
			isa = PBXGroup;
			children = (
				262ED0532E9F869E00D8BBDB /* ClipStackShare.entitlements */,
				262ED0462E9F862A00D8BBDB /* ShareViewController.swift */,
				262ED0482E9F862A00D8BBDB /* MainInterface.storyboard */,
				262ED04B2E9F862A00D8BBDB /* Info.plist */,
			);
			path = ClipStackShare;
			sourceTree = "<group>";
		};
		26ADDD2C2E9CC9DF00D3B9E6 = {
			isa = PBXGroup;
			children = (
				26E2F4722EA21C5900FD77EE /* ClipStackWidgetExtension.entitlements */,
				26ADDD372E9CC9DF00D3B9E6 /* ClipStack */,
				26ADDD4D2E9CC9E100D3B9E6 /* ClipStackTests */,
				26ADDD572E9CC9E100D3B9E6 /* ClipStackUITests */,
				262ED0452E9F862A00D8BBDB /* ClipStackShare */,
				26E2F4482EA0840300FD77EE /* ClipStackKeyboard */,
				26E2F4622EA21C1900FD77EE /* ClipStackWidget */,
				26E2F45D2EA21C1900FD77EE /* Frameworks */,
				26ADDD362E9CC9DF00D3B9E6 /* Products */,
			);
			sourceTree = "<group>";
		};
		26ADDD362E9CC9DF00D3B9E6 /* Products */ = {
			isa = PBXGroup;
			children = (
				26ADDD352E9CC9DF00D3B9E6 /* ClipStack.app */,
				26ADDD4A2E9CC9E100D3B9E6 /* ClipStackTests.xctest */,
				26ADDD542E9CC9E100D3B9E6 /* ClipStackUITests.xctest */,
				262ED0442E9F862A00D8BBDB /* ClipStackShare.appex */,
				26E2F4472EA0840300FD77EE /* ClipStackKeyboard.appex */,
				26E2F45C2EA21C1900FD77EE /* ClipStackWidgetExtension.appex */,
			);
			name = Products;
			sourceTree = "<group>";
		};
		26ADDD372E9CC9DF00D3B9E6 /* ClipStack */ = {
			isa = PBXGroup;
			children = (
				26E2F4752EA21F9F00FD77EE /* Info.plist */,
				262ED03F2E9F83A400D8BBDB /* ClipStack.entitlements */,
				26ADDD382E9CC9DF00D3B9E6 /* ClipStackApp.swift */,
				26ADDD3A2E9CC9DF00D3B9E6 /* ContentView.swift */,
				26ADDD3C2E9CC9E100D3B9E6 /* Assets.xcassets */,
				26ADDD412E9CC9E100D3B9E6 /* Persistence.swift */,
				26ADDD432E9CC9E100D3B9E6 /* ClipStack.xcdatamodeld */,
				26ADDD3E2E9CC9E100D3B9E6 /* Preview Content */,
				262ED03D2E9DEF1A00D8BBDB /* ClipItem+Extensions.swift */,
				26A5A12B2EA6029F00DE1816 /* AppDelegate.swift */,
				26E270132EA8D68800884641 /* ImageViewer.swift */,
				26E270152EA9D9C500884641 /* ClipItemDetailView.swift */,
				26E270172EAB5C2200884641 /* ProManager.swift */,
				26E270192EAB611A00884641 /* SettingsView.swift */,
				26E2701D2EAF5E0800884641 /* DarwinNotificationCenter.swift */,
			);
			path = ClipStack;
			sourceTree = "<group>";
		};
		26ADDD3E2E9CC9E100D3B9E6 /* Preview Content */ = {
			isa = PBXGroup;
			children = (
				26ADDD3F2E9CC9E100D3B9E6 /* Preview Assets.xcassets */,
			);
			path = "Preview Content";
			sourceTree = "<group>";
		};
		26ADDD4D2E9CC9E100D3B9E6 /* ClipStackTests */ = {
			isa = PBXGroup;
			children = (
				26ADDD4E2E9CC9E100D3B9E6 /* ClipStackTests.swift */,
			);
			path = ClipStackTests;
			sourceTree = "<group>";
		};
		26ADDD572E9CC9E100D3B9E6 /* ClipStackUITests */ = {
			isa = PBXGroup;
			children = (
				26ADDD582E9CC9E100D3B9E6 /* ClipStackUITests.swift */,
				26ADDD5A2E9CC9E100D3B9E6 /* ClipStackUITestsLaunchTests.swift */,
			);
			path = ClipStackUITests;
			sourceTree = "<group>";
		};
		26E2F4482EA0840300FD77EE /* ClipStackKeyboard */ = {
			isa = PBXGroup;
			children = (
				26E2F4522EA0842A00FD77EE /* ClipStackKeyboard.entitlements */,
				26E2F4492EA0840300FD77EE /* KeyboardViewController.swift */,
				26E2F44B2EA0840300FD77EE /* Info.plist */,
				26E2F4562EA085AA00FD77EE /* ClipItemKeyboardRow.swift */,
			);
			path = ClipStackKeyboard;
			sourceTree = "<group>";
		};
		26E2F45D2EA21C1900FD77EE /* Frameworks */ = {
			isa = PBXGroup;
			children = (
				26E2F45E2EA21C1900FD77EE /* WidgetKit.framework */,
				26E2F4602EA21C1900FD77EE /* SwiftUI.framework */,
			);
			name = Frameworks;
			sourceTree = "<group>";
		};
		26E2F4622EA21C1900FD77EE /* ClipStackWidget */ = {
			isa = PBXGroup;
			children = (
				26E2F4672EA21C1900FD77EE /* ClipStackWidget.swift */,
				26E2F4692EA21C1C00FD77EE /* Assets.xcassets */,
				26E2F46B2EA21C1C00FD77EE /* Info.plist */,
				26E2F4732EA21D0700FD77EE /* WidgetDataProvider.swift */,
			);
			path = ClipStackWidget;
			sourceTree = "<group>";
		};
/* End PBXGroup section */

/* Begin PBXNativeTarget section */
		262ED0432E9F862A00D8BBDB /* ClipStackShare */ = {
			isa = PBXNativeTarget;
			buildConfigurationList = 262ED04F2E9F862A00D8BBDB /* Build configuration list for PBXNativeTarget "ClipStackShare" */;
			buildPhases = (
				262ED0402E9F862A00D8BBDB /* Sources */,
				262ED0412E9F862A00D8BBDB /* Frameworks */,
				262ED0422E9F862A00D8BBDB /* Resources */,
			);
			buildRules = (
			);
			dependencies = (
			);
			name = ClipStackShare;
			productName = ClipStackShare;
			productReference = 262ED0442E9F862A00D8BBDB /* ClipStackShare.appex */;
			productType = "com.apple.product-type.app-extension";
		};
		26ADDD342E9CC9DF00D3B9E6 /* ClipStack */ = {
			isa = PBXNativeTarget;
			buildConfigurationList = 26ADDD5E2E9CC9E100D3B9E6 /* Build configuration list for PBXNativeTarget "ClipStack" */;
			buildPhases = (
				26ADDD312E9CC9DF00D3B9E6 /* Sources */,
				26ADDD322E9CC9DF00D3B9E6 /* Frameworks */,
				26ADDD332E9CC9DF00D3B9E6 /* Resources */,
				262ED0522E9F862A00D8BBDB /* Embed Foundation Extensions */,
			);
			buildRules = (
			);
			dependencies = (
				262ED04D2E9F862A00D8BBDB /* PBXTargetDependency */,
				26E2F44D2EA0840300FD77EE /* PBXTargetDependency */,
				26E2F46D2EA21C1C00FD77EE /* PBXTargetDependency */,
			);
			name = ClipStack;
			productName = ClipStack;
			productReference = 26ADDD352E9CC9DF00D3B9E6 /* ClipStack.app */;
			productType = "com.apple.product-type.application";
		};
		26ADDD492E9CC9E100D3B9E6 /* ClipStackTests */ = {
			isa = PBXNativeTarget;
			buildConfigurationList = 26ADDD612E9CC9E100D3B9E6 /* Build configuration list for PBXNativeTarget "ClipStackTests" */;
			buildPhases = (
				26ADDD462E9CC9E100D3B9E6 /* Sources */,
				26ADDD472E9CC9E100D3B9E6 /* Frameworks */,
				26ADDD482E9CC9E100D3B9E6 /* Resources */,
			);
			buildRules = (
			);
			dependencies = (
				26ADDD4C2E9CC9E100D3B9E6 /* PBXTargetDependency */,
			);
			name = ClipStackTests;
			productName = ClipStackTests;
			productReference = 26ADDD4A2E9CC9E100D3B9E6 /* ClipStackTests.xctest */;
			productType = "com.apple.product-type.bundle.unit-test";
		};
		26ADDD532E9CC9E100D3B9E6 /* ClipStackUITests */ = {
			isa = PBXNativeTarget;
			buildConfigurationList = 26ADDD642E9CC9E100D3B9E6 /* Build configuration list for PBXNativeTarget "ClipStackUITests" */;
			buildPhases = (
				26ADDD502E9CC9E100D3B9E6 /* Sources */,
				26ADDD512E9CC9E100D3B9E6 /* Frameworks */,
				26ADDD522E9CC9E100D3B9E6 /* Resources */,
			);
			buildRules = (
			);
			dependencies = (
				26ADDD562E9CC9E100D3B9E6 /* PBXTargetDependency */,
			);
			name = ClipStackUITests;
			productName = ClipStackUITests;
			productReference = 26ADDD542E9CC9E100D3B9E6 /* ClipStackUITests.xctest */;
			productType = "com.apple.product-type.bundle.ui-testing";
		};
		26E2F4462EA0840300FD77EE /* ClipStackKeyboard */ = {
			isa = PBXNativeTarget;
			buildConfigurationList = 26E2F4512EA0840300FD77EE /* Build configuration list for PBXNativeTarget "ClipStackKeyboard" */;
			buildPhases = (
				26E2F4432EA0840300FD77EE /* Sources */,
				26E2F4442EA0840300FD77EE /* Frameworks */,
				26E2F4452EA0840300FD77EE /* Resources */,
			);
			buildRules = (
			);
			dependencies = (
			);
			name = ClipStackKeyboard;
			productName = ClipStackKeyboard;
			productReference = 26E2F4472EA0840300FD77EE /* ClipStackKeyboard.appex */;
			productType = "com.apple.product-type.app-extension";
		};
		26E2F45B2EA21C1900FD77EE /* ClipStackWidgetExtension */ = {
			isa = PBXNativeTarget;
			buildConfigurationList = 26E2F46F2EA21C1C00FD77EE /* Build configuration list for PBXNativeTarget "ClipStackWidgetExtension" */;
			buildPhases = (
				26E2F4582EA21C1900FD77EE /* Sources */,
				26E2F4592EA21C1900FD77EE /* Frameworks */,
				26E2F45A2EA21C1900FD77EE /* Resources */,
			);
			buildRules = (
			);
			dependencies = (
			);
			name = ClipStackWidgetExtension;
			productName = ClipStackWidgetExtension;
			productReference = 26E2F45C2EA21C1900FD77EE /* ClipStackWidgetExtension.appex */;
			productType = "com.apple.product-type.app-extension";
		};
/* End PBXNativeTarget section */

/* Begin PBXProject section */
		26ADDD2D2E9CC9DF00D3B9E6 /* Project object */ = {
			isa = PBXProject;
			attributes = {
				BuildIndependentTargetsInParallel = 1;
				LastSwiftUpdateCheck = 1520;
				LastUpgradeCheck = 1520;
				TargetAttributes = {
					262ED0432E9F862A00D8BBDB = {
						CreatedOnToolsVersion = 15.2;
					};
					26ADDD342E9CC9DF00D3B9E6 = {
						CreatedOnToolsVersion = 15.2;
					};
					26ADDD492E9CC9E100D3B9E6 = {
						CreatedOnToolsVersion = 15.2;
						TestTargetID = 26ADDD342E9CC9DF00D3B9E6;
					};
					26ADDD532E9CC9E100D3B9E6 = {
						CreatedOnToolsVersion = 15.2;
						TestTargetID = 26ADDD342E9CC9DF00D3B9E6;
					};
					26E2F4462EA0840300FD77EE = {
						CreatedOnToolsVersion = 15.2;
					};
					26E2F45B2EA21C1900FD77EE = {
						CreatedOnToolsVersion = 15.2;
					};
				};
			};
			buildConfigurationList = 26ADDD302E9CC9DF00D3B9E6 /* Build configuration list for PBXProject "ClipStack" */;
			compatibilityVersion = "Xcode 14.0";
			developmentRegion = en;
			hasScannedForEncodings = 0;
			knownRegions = (
				en,
				Base,
			);
			mainGroup = 26ADDD2C2E9CC9DF00D3B9E6;
			productRefGroup = 26ADDD362E9CC9DF00D3B9E6 /* Products */;
			projectDirPath = "";
			projectRoot = "";
			targets = (
				26ADDD342E9CC9DF00D3B9E6 /* ClipStack */,
				26ADDD492E9CC9E100D3B9E6 /* ClipStackTests */,
				26ADDD532E9CC9E100D3B9E6 /* ClipStackUITests */,
				262ED0432E9F862A00D8BBDB /* ClipStackShare */,
				26E2F4462EA0840300FD77EE /* ClipStackKeyboard */,
				26E2F45B2EA21C1900FD77EE /* ClipStackWidgetExtension */,
			);
		};
/* End PBXProject section */

/* Begin PBXResourcesBuildPhase section */
		262ED0422E9F862A00D8BBDB /* Resources */ = {
			isa = PBXResourcesBuildPhase;
			buildActionMask = 2147483647;
			files = (
				262ED04A2E9F862A00D8BBDB /* MainInterface.storyboard in Resources */,
			);
			runOnlyForDeploymentPostprocessing = 0;
		};
		26ADDD332E9CC9DF00D3B9E6 /* Resources */ = {
			isa = PBXResourcesBuildPhase;
			buildActionMask = 2147483647;
			files = (
				26ADDD402E9CC9E100D3B9E6 /* Preview Assets.xcassets in Resources */,
				26ADDD3D2E9CC9E100D3B9E6 /* Assets.xcassets in Resources */,
			);
			runOnlyForDeploymentPostprocessing = 0;
		};
		26ADDD482E9CC9E100D3B9E6 /* Resources */ = {
			isa = PBXResourcesBuildPhase;
			buildActionMask = 2147483647;
			files = (
			);
			runOnlyForDeploymentPostprocessing = 0;
		};
		26ADDD522E9CC9E100D3B9E6 /* Resources */ = {
			isa = PBXResourcesBuildPhase;
			buildActionMask = 2147483647;
			files = (
			);
			runOnlyForDeploymentPostprocessing = 0;
		};
		26E2F4452EA0840300FD77EE /* Resources */ = {
			isa = PBXResourcesBuildPhase;
			buildActionMask = 2147483647;
			files = (
			);
			runOnlyForDeploymentPostprocessing = 0;
		};
		26E2F45A2EA21C1900FD77EE /* Resources */ = {
			isa = PBXResourcesBuildPhase;
			buildActionMask = 2147483647;
			files = (
				26E2F46A2EA21C1C00FD77EE /* Assets.xcassets in Resources */,
			);
			runOnlyForDeploymentPostprocessing = 0;
		};
/* End PBXResourcesBuildPhase section */

/* Begin PBXSourcesBuildPhase section */
		262ED0402E9F862A00D8BBDB /* Sources */ = {
			isa = PBXSourcesBuildPhase;
			buildActionMask = 2147483647;
			files = (
				262ED0552E9F8A5600D8BBDB /* Persistence.swift in Sources */,
				262ED0542E9F8A4200D8BBDB /* ClipStack.xcdatamodeld in Sources */,
				26E2701B2EAB621300884641 /* ProManager.swift in Sources */,
				262ED0562E9F8A6300D8BBDB /* ClipItem+Extensions.swift in Sources */,
				26E2701F2EAF5E0800884641 /* DarwinNotificationCenter.swift in Sources */,
				262ED0472E9F862A00D8BBDB /* ShareViewController.swift in Sources */,
			);
			runOnlyForDeploymentPostprocessing = 0;
		};
		26ADDD312E9CC9DF00D3B9E6 /* Sources */ = {
			isa = PBXSourcesBuildPhase;
			buildActionMask = 2147483647;
			files = (
				26E2701E2EAF5E0800884641 /* DarwinNotificationCenter.swift in Sources */,
				26E270162EA9D9C500884641 /* ClipItemDetailView.swift in Sources */,
				26A5A12C2EA6029F00DE1816 /* AppDelegate.swift in Sources */,
				26ADDD452E9CC9E100D3B9E6 /* ClipStack.xcdatamodeld in Sources */,
				26ADDD422E9CC9E100D3B9E6 /* Persistence.swift in Sources */,
				26ADDD3B2E9CC9DF00D3B9E6 /* ContentView.swift in Sources */,
				26E2701A2EAB611A00884641 /* SettingsView.swift in Sources */,
				262ED03E2E9DEF1A00D8BBDB /* ClipItem+Extensions.swift in Sources */,
				26E270182EAB5C2200884641 /* ProManager.swift in Sources */,
				26ADDD392E9CC9DF00D3B9E6 /* ClipStackApp.swift in Sources */,
				26E270142EA8D68800884641 /* ImageViewer.swift in Sources */,
			);
			runOnlyForDeploymentPostprocessing = 0;
		};
		26ADDD462E9CC9E100D3B9E6 /* Sources */ = {
			isa = PBXSourcesBuildPhase;
			buildActionMask = 2147483647;
			files = (
				26ADDD4F2E9CC9E100D3B9E6 /* ClipStackTests.swift in Sources */,
			);
			runOnlyForDeploymentPostprocessing = 0;
		};
		26ADDD502E9CC9E100D3B9E6 /* Sources */ = {
			isa = PBXSourcesBuildPhase;
			buildActionMask = 2147483647;
			files = (
				26ADDD592E9CC9E100D3B9E6 /* ClipStackUITests.swift in Sources */,
				26ADDD5B2E9CC9E100D3B9E6 /* ClipStackUITestsLaunchTests.swift in Sources */,
			);
			runOnlyForDeploymentPostprocessing = 0;
		};
		26E2F4432EA0840300FD77EE /* Sources */ = {
			isa = PBXSourcesBuildPhase;
			buildActionMask = 2147483647;
			files = (
				26E2F4542EA0851800FD77EE /* Persistence.swift in Sources */,
				26E2F4532EA0850F00FD77EE /* ClipStack.xcdatamodeld in Sources */,
				26E2F4572EA085AA00FD77EE /* ClipItemKeyboardRow.swift in Sources */,
				26E2701C2EAB621500884641 /* ProManager.swift in Sources */,
				26E2F4552EA0858100FD77EE /* ClipItem+Extensions.swift in Sources */,
				26E2F44A2EA0840300FD77EE /* KeyboardViewController.swift in Sources */,
			);
			runOnlyForDeploymentPostprocessing = 0;
		};
		26E2F4582EA21C1900FD77EE /* Sources */ = {
			isa = PBXSourcesBuildPhase;
			buildActionMask = 2147483647;
			files = (
				26E2F4742EA21D0700FD77EE /* WidgetDataProvider.swift in Sources */,
				26E2F4682EA21C1900FD77EE /* ClipStackWidget.swift in Sources */,
				26E2F4762EA2267900FD77EE /* ClipStack.xcdatamodeld in Sources */,
			);
			runOnlyForDeploymentPostprocessing = 0;
		};
/* End PBXSourcesBuildPhase section */

/* Begin PBXTargetDependency section */
		262ED04D2E9F862A00D8BBDB /* PBXTargetDependency */ = {
			isa = PBXTargetDependency;
			target = 262ED0432E9F862A00D8BBDB /* ClipStackShare */;
			targetProxy = 262ED04C2E9F862A00D8BBDB /* PBXContainerItemProxy */;
		};
		26ADDD4C2E9CC9E100D3B9E6 /* PBXTargetDependency */ = {
			isa = PBXTargetDependency;
			target = 26ADDD342E9CC9DF00D3B9E6 /* ClipStack */;
			targetProxy = 26ADDD4B2E9CC9E100D3B9E6 /* PBXContainerItemProxy */;
		};
		26ADDD562E9CC9E100D3B9E6 /* PBXTargetDependency */ = {
			isa = PBXTargetDependency;
			target = 26ADDD342E9CC9DF00D3B9E6 /* ClipStack */;
			targetProxy = 26ADDD552E9CC9E100D3B9E6 /* PBXContainerItemProxy */;
		};
		26E2F44D2EA0840300FD77EE /* PBXTargetDependency */ = {
			isa = PBXTargetDependency;
			target = 26E2F4462EA0840300FD77EE /* ClipStackKeyboard */;
			targetProxy = 26E2F44C2EA0840300FD77EE /* PBXContainerItemProxy */;
		};
		26E2F46D2EA21C1C00FD77EE /* PBXTargetDependency */ = {
			isa = PBXTargetDependency;
			target = 26E2F45B2EA21C1900FD77EE /* ClipStackWidgetExtension */;
			targetProxy = 26E2F46C2EA21C1C00FD77EE /* PBXContainerItemProxy */;
		};
/* End PBXTargetDependency section */

/* Begin PBXVariantGroup section */
		262ED0482E9F862A00D8BBDB /* MainInterface.storyboard */ = {
			isa = PBXVariantGroup;
			children = (
				262ED0492E9F862A00D8BBDB /* Base */,
			);
			name = MainInterface.storyboard;
			sourceTree = "<group>";
		};
/* End PBXVariantGroup section */

/* Begin XCBuildConfiguration section */
		262ED0502E9F862A00D8BBDB /* Debug */ = {
			isa = XCBuildConfiguration;
			buildSettings = {
				CODE_SIGN_ENTITLEMENTS = ClipStackShare/ClipStackShare.entitlements;
				CODE_SIGN_STYLE = Automatic;
				CURRENT_PROJECT_VERSION = 1;
				DEVELOPMENT_TEAM = 3WHRA4R358;
				GENERATE_INFOPLIST_FILE = YES;
				INFOPLIST_FILE = ClipStackShare/Info.plist;
				INFOPLIST_KEY_CFBundleDisplayName = ClipStackShare;
				INFOPLIST_KEY_NSHumanReadableCopyright = "";
				IPHONEOS_DEPLOYMENT_TARGET = 15.0;
				LD_RUNPATH_SEARCH_PATHS = (
					"$(inherited)",
					"@executable_path/Frameworks",
					"@executable_path/../../Frameworks",
				);
				MARKETING_VERSION = 1.0;
				PRODUCT_BUNDLE_IDENTIFIER = com.kimcao.clipstack.ClipStack.ClipStackShare;
				PRODUCT_NAME = "$(TARGET_NAME)";
				SKIP_INSTALL = YES;
				SWIFT_EMIT_LOC_STRINGS = YES;
				SWIFT_VERSION = 5.0;
				TARGETED_DEVICE_FAMILY = "1,2";
			};
			name = Debug;
		};
		262ED0512E9F862A00D8BBDB /* Release */ = {
			isa = XCBuildConfiguration;
			buildSettings = {
				CODE_SIGN_ENTITLEMENTS = ClipStackShare/ClipStackShare.entitlements;
				CODE_SIGN_STYLE = Automatic;
				CURRENT_PROJECT_VERSION = 1;
				DEVELOPMENT_TEAM = 3WHRA4R358;
				GENERATE_INFOPLIST_FILE = YES;
				INFOPLIST_FILE = ClipStackShare/Info.plist;
				INFOPLIST_KEY_CFBundleDisplayName = ClipStackShare;
				INFOPLIST_KEY_NSHumanReadableCopyright = "";
				IPHONEOS_DEPLOYMENT_TARGET = 15.0;
				LD_RUNPATH_SEARCH_PATHS = (
					"$(inherited)",
					"@executable_path/Frameworks",
					"@executable_path/../../Frameworks",
				);
				MARKETING_VERSION = 1.0;
				PRODUCT_BUNDLE_IDENTIFIER = com.kimcao.clipstack.ClipStack.ClipStackShare;
				PRODUCT_NAME = "$(TARGET_NAME)";
				SKIP_INSTALL = YES;
				SWIFT_EMIT_LOC_STRINGS = YES;
				SWIFT_VERSION = 5.0;
				TARGETED_DEVICE_FAMILY = "1,2";
			};
			name = Release;
		};
		26ADDD5C2E9CC9E100D3B9E6 /* Debug */ = {
			isa = XCBuildConfiguration;
			buildSettings = {
				ALWAYS_SEARCH_USER_PATHS = NO;
				ASSETCATALOG_COMPILER_GENERATE_SWIFT_ASSET_SYMBOL_EXTENSIONS = YES;
				CLANG_ANALYZER_NONNULL = YES;
				CLANG_ANALYZER_NUMBER_OBJECT_CONVERSION = YES_AGGRESSIVE;
				CLANG_CXX_LANGUAGE_STANDARD = "gnu++20";
				CLANG_ENABLE_MODULES = YES;
				CLANG_ENABLE_OBJC_ARC = YES;
				CLANG_ENABLE_OBJC_WEAK = YES;
				CLANG_WARN_BLOCK_CAPTURE_AUTORELEASING = YES;
				CLANG_WARN_BOOL_CONVERSION = YES;
				CLANG_WARN_COMMA = YES;
				CLANG_WARN_CONSTANT_CONVERSION = YES;
				CLANG_WARN_DEPRECATED_OBJC_IMPLEMENTATIONS = YES;
				CLANG_WARN_DIRECT_OBJC_ISA_USAGE = YES_ERROR;
				CLANG_WARN_DOCUMENTATION_COMMENTS = YES;
				CLANG_WARN_EMPTY_BODY = YES;
				CLANG_WARN_ENUM_CONVERSION = YES;
				CLANG_WARN_INFINITE_RECURSION = YES;
				CLANG_WARN_INT_CONVERSION = YES;
				CLANG_WARN_NON_LITERAL_NULL_CONVERSION = YES;
				CLANG_WARN_OBJC_IMPLICIT_RETAIN_SELF = YES;
				CLANG_WARN_OBJC_LITERAL_CONVERSION = YES;
				CLANG_WARN_OBJC_ROOT_CLASS = YES_ERROR;
				CLANG_WARN_QUOTED_INCLUDE_IN_FRAMEWORK_HEADER = YES;
				CLANG_WARN_RANGE_LOOP_ANALYSIS = YES;
				CLANG_WARN_STRICT_PROTOTYPES = YES;
				CLANG_WARN_SUSPICIOUS_MOVE = YES;
				CLANG_WARN_UNGUARDED_AVAILABILITY = YES_AGGRESSIVE;
				CLANG_WARN_UNREACHABLE_CODE = YES;
				CLANG_WARN__DUPLICATE_METHOD_MATCH = YES;
				COPY_PHASE_STRIP = NO;
				DEBUG_INFORMATION_FORMAT = dwarf;
				ENABLE_STRICT_OBJC_MSGSEND = YES;
				ENABLE_TESTABILITY = YES;
				ENABLE_USER_SCRIPT_SANDBOXING = YES;
				GCC_C_LANGUAGE_STANDARD = gnu17;
				GCC_DYNAMIC_NO_PIC = NO;
				GCC_NO_COMMON_BLOCKS = YES;
				GCC_OPTIMIZATION_LEVEL = 0;
				GCC_PREPROCESSOR_DEFINITIONS = (
					"DEBUG=1",
					"$(inherited)",
				);
				GCC_WARN_64_TO_32_BIT_CONVERSION = YES;
				GCC_WARN_ABOUT_RETURN_TYPE = YES_ERROR;
				GCC_WARN_UNDECLARED_SELECTOR = YES;
				GCC_WARN_UNINITIALIZED_AUTOS = YES_AGGRESSIVE;
				GCC_WARN_UNUSED_FUNCTION = YES;
				GCC_WARN_UNUSED_VARIABLE = YES;
				IPHONEOS_DEPLOYMENT_TARGET = 15.0;
				LOCALIZATION_PREFERS_STRING_CATALOGS = YES;
				MTL_ENABLE_DEBUG_INFO = INCLUDE_SOURCE;
				MTL_FAST_MATH = YES;
				ONLY_ACTIVE_ARCH = YES;
				SDKROOT = iphoneos;
				SWIFT_ACTIVE_COMPILATION_CONDITIONS = "DEBUG $(inherited)";
				SWIFT_OPTIMIZATION_LEVEL = "-Onone";
			};
			name = Debug;
		};
		26ADDD5D2E9CC9E100D3B9E6 /* Release */ = {
			isa = XCBuildConfiguration;
			buildSettings = {
				ALWAYS_SEARCH_USER_PATHS = NO;
				ASSETCATALOG_COMPILER_GENERATE_SWIFT_ASSET_SYMBOL_EXTENSIONS = YES;
				CLANG_ANALYZER_NONNULL = YES;
				CLANG_ANALYZER_NUMBER_OBJECT_CONVERSION = YES_AGGRESSIVE;
				CLANG_CXX_LANGUAGE_STANDARD = "gnu++20";
				CLANG_ENABLE_MODULES = YES;
				CLANG_ENABLE_OBJC_ARC = YES;
				CLANG_ENABLE_OBJC_WEAK = YES;
				CLANG_WARN_BLOCK_CAPTURE_AUTORELEASING = YES;
				CLANG_WARN_BOOL_CONVERSION = YES;
				CLANG_WARN_COMMA = YES;
				CLANG_WARN_CONSTANT_CONVERSION = YES;
				CLANG_WARN_DEPRECATED_OBJC_IMPLEMENTATIONS = YES;
				CLANG_WARN_DIRECT_OBJC_ISA_USAGE = YES_ERROR;
				CLANG_WARN_DOCUMENTATION_COMMENTS = YES;
				CLANG_WARN_EMPTY_BODY = YES;
				CLANG_WARN_ENUM_CONVERSION = YES;
				CLANG_WARN_INFINITE_RECURSION = YES;
				CLANG_WARN_INT_CONVERSION = YES;
				CLANG_WARN_NON_LITERAL_NULL_CONVERSION = YES;
				CLANG_WARN_OBJC_IMPLICIT_RETAIN_SELF = YES;
				CLANG_WARN_OBJC_LITERAL_CONVERSION = YES;
				CLANG_WARN_OBJC_ROOT_CLASS = YES_ERROR;
				CLANG_WARN_QUOTED_INCLUDE_IN_FRAMEWORK_HEADER = YES;
				CLANG_WARN_RANGE_LOOP_ANALYSIS = YES;
				CLANG_WARN_STRICT_PROTOTYPES = YES;
				CLANG_WARN_SUSPICIOUS_MOVE = YES;
				CLANG_WARN_UNGUARDED_AVAILABILITY = YES_AGGRESSIVE;
				CLANG_WARN_UNREACHABLE_CODE = YES;
				CLANG_WARN__DUPLICATE_METHOD_MATCH = YES;
				COPY_PHASE_STRIP = NO;
				DEBUG_INFORMATION_FORMAT = "dwarf-with-dsym";
				ENABLE_NS_ASSERTIONS = NO;
				ENABLE_STRICT_OBJC_MSGSEND = YES;
				ENABLE_USER_SCRIPT_SANDBOXING = YES;
				GCC_C_LANGUAGE_STANDARD = gnu17;
				GCC_NO_COMMON_BLOCKS = YES;
				GCC_WARN_64_TO_32_BIT_CONVERSION = YES;
				GCC_WARN_ABOUT_RETURN_TYPE = YES_ERROR;
				GCC_WARN_UNDECLARED_SELECTOR = YES;
				GCC_WARN_UNINITIALIZED_AUTOS = YES_AGGRESSIVE;
				GCC_WARN_UNUSED_FUNCTION = YES;
				GCC_WARN_UNUSED_VARIABLE = YES;
				IPHONEOS_DEPLOYMENT_TARGET = 15.0;
				LOCALIZATION_PREFERS_STRING_CATALOGS = YES;
				MTL_ENABLE_DEBUG_INFO = NO;
				MTL_FAST_MATH = YES;
				SDKROOT = iphoneos;
				SWIFT_COMPILATION_MODE = wholemodule;
				VALIDATE_PRODUCT = YES;
			};
			name = Release;
		};
		26ADDD5F2E9CC9E100D3B9E6 /* Debug */ = {
			isa = XCBuildConfiguration;
			buildSettings = {
				ALWAYS_EMBED_SWIFT_STANDARD_LIBRARIES = YES;
				ASSETCATALOG_COMPILER_APPICON_NAME = AppIcon;
				ASSETCATALOG_COMPILER_GLOBAL_ACCENT_COLOR_NAME = AccentColor;
				CODE_SIGN_ENTITLEMENTS = ClipStack/ClipStack.entitlements;
				CODE_SIGN_STYLE = Automatic;
				CURRENT_PROJECT_VERSION = 1;
				DEVELOPMENT_ASSET_PATHS = "\"ClipStack/Preview Content\"";
				DEVELOPMENT_TEAM = 3WHRA4R358;
				ENABLE_PREVIEWS = YES;
				GENERATE_INFOPLIST_FILE = YES;
				INFOPLIST_FILE = ClipStack/Info.plist;
				INFOPLIST_KEY_UIApplicationSceneManifest_Generation = YES;
				INFOPLIST_KEY_UIApplicationSupportsIndirectInputEvents = YES;
				INFOPLIST_KEY_UILaunchScreen_Generation = YES;
				INFOPLIST_KEY_UISupportedInterfaceOrientations_iPad = "UIInterfaceOrientationPortrait UIInterfaceOrientationPortraitUpsideDown UIInterfaceOrientationLandscapeLeft UIInterfaceOrientationLandscapeRight";
				INFOPLIST_KEY_UISupportedInterfaceOrientations_iPhone = "UIInterfaceOrientationPortrait UIInterfaceOrientationLandscapeLeft UIInterfaceOrientationLandscapeRight";
				LD_RUNPATH_SEARCH_PATHS = (
					"$(inherited)",
					"@executable_path/Frameworks",
				);
				MARKETING_VERSION = 1.0;
				PRODUCT_BUNDLE_IDENTIFIER = com.kimcao.clipstack.ClipStack;
				PRODUCT_NAME = "$(TARGET_NAME)";
				SWIFT_EMIT_LOC_STRINGS = YES;
				SWIFT_VERSION = 5.0;
				TARGETED_DEVICE_FAMILY = "1,2";
			};
			name = Debug;
		};
		26ADDD602E9CC9E100D3B9E6 /* Release */ = {
			isa = XCBuildConfiguration;
			buildSettings = {
				ALWAYS_EMBED_SWIFT_STANDARD_LIBRARIES = YES;
				ASSETCATALOG_COMPILER_APPICON_NAME = AppIcon;
				ASSETCATALOG_COMPILER_GLOBAL_ACCENT_COLOR_NAME = AccentColor;
				CODE_SIGN_ENTITLEMENTS = ClipStack/ClipStack.entitlements;
				CODE_SIGN_STYLE = Automatic;
				CURRENT_PROJECT_VERSION = 1;
				DEVELOPMENT_ASSET_PATHS = "\"ClipStack/Preview Content\"";
				DEVELOPMENT_TEAM = 3WHRA4R358;
				ENABLE_PREVIEWS = YES;
				GENERATE_INFOPLIST_FILE = YES;
				INFOPLIST_FILE = ClipStack/Info.plist;
				INFOPLIST_KEY_UIApplicationSceneManifest_Generation = YES;
				INFOPLIST_KEY_UIApplicationSupportsIndirectInputEvents = YES;
				INFOPLIST_KEY_UILaunchScreen_Generation = YES;
				INFOPLIST_KEY_UISupportedInterfaceOrientations_iPad = "UIInterfaceOrientationPortrait UIInterfaceOrientationPortraitUpsideDown UIInterfaceOrientationLandscapeLeft UIInterfaceOrientationLandscapeRight";
				INFOPLIST_KEY_UISupportedInterfaceOrientations_iPhone = "UIInterfaceOrientationPortrait UIInterfaceOrientationLandscapeLeft UIInterfaceOrientationLandscapeRight";
				LD_RUNPATH_SEARCH_PATHS = (
					"$(inherited)",
					"@executable_path/Frameworks",
				);
				MARKETING_VERSION = 1.0;
				PRODUCT_BUNDLE_IDENTIFIER = com.kimcao.clipstack.ClipStack;
				PRODUCT_NAME = "$(TARGET_NAME)";
				SWIFT_EMIT_LOC_STRINGS = YES;
				SWIFT_VERSION = 5.0;
				TARGETED_DEVICE_FAMILY = "1,2";
			};
			name = Release;
		};
		26ADDD622E9CC9E100D3B9E6 /* Debug */ = {
			isa = XCBuildConfiguration;
			buildSettings = {
				ALWAYS_EMBED_SWIFT_STANDARD_LIBRARIES = YES;
				BUNDLE_LOADER = "$(TEST_HOST)";
				CODE_SIGN_STYLE = Automatic;
				CURRENT_PROJECT_VERSION = 1;
				DEVELOPMENT_TEAM = 3WHRA4R358;
				GENERATE_INFOPLIST_FILE = YES;
				IPHONEOS_DEPLOYMENT_TARGET = 15.0;
				MARKETING_VERSION = 1.0;
				PRODUCT_BUNDLE_IDENTIFIER = com.kimcao.clipstack.ClipStackTests;
				PRODUCT_NAME = "$(TARGET_NAME)";
				SWIFT_EMIT_LOC_STRINGS = NO;
				SWIFT_VERSION = 5.0;
				TARGETED_DEVICE_FAMILY = "1,2";
				TEST_HOST = "$(BUILT_PRODUCTS_DIR)/ClipStack.app/$(BUNDLE_EXECUTABLE_FOLDER_PATH)/ClipStack";
			};
			name = Debug;
		};
		26ADDD632E9CC9E100D3B9E6 /* Release */ = {
			isa = XCBuildConfiguration;
			buildSettings = {
				ALWAYS_EMBED_SWIFT_STANDARD_LIBRARIES = YES;
				BUNDLE_LOADER = "$(TEST_HOST)";
				CODE_SIGN_STYLE = Automatic;
				CURRENT_PROJECT_VERSION = 1;
				DEVELOPMENT_TEAM = 3WHRA4R358;
				GENERATE_INFOPLIST_FILE = YES;
				IPHONEOS_DEPLOYMENT_TARGET = 15.0;
				MARKETING_VERSION = 1.0;
				PRODUCT_BUNDLE_IDENTIFIER = com.kimcao.clipstack.ClipStackTests;
				PRODUCT_NAME = "$(TARGET_NAME)";
				SWIFT_EMIT_LOC_STRINGS = NO;
				SWIFT_VERSION = 5.0;
				TARGETED_DEVICE_FAMILY = "1,2";
				TEST_HOST = "$(BUILT_PRODUCTS_DIR)/ClipStack.app/$(BUNDLE_EXECUTABLE_FOLDER_PATH)/ClipStack";
			};
			name = Release;
		};
		26ADDD652E9CC9E100D3B9E6 /* Debug */ = {
			isa = XCBuildConfiguration;
			buildSettings = {
				ALWAYS_EMBED_SWIFT_STANDARD_LIBRARIES = YES;
				CODE_SIGN_STYLE = Automatic;
				CURRENT_PROJECT_VERSION = 1;
				DEVELOPMENT_TEAM = 3WHRA4R358;
				GENERATE_INFOPLIST_FILE = YES;
				MARKETING_VERSION = 1.0;
				PRODUCT_BUNDLE_IDENTIFIER = com.kimcao.clipstack.ClipStackUITests;
				PRODUCT_NAME = "$(TARGET_NAME)";
				SWIFT_EMIT_LOC_STRINGS = NO;
				SWIFT_VERSION = 5.0;
				TARGETED_DEVICE_FAMILY = "1,2";
				TEST_TARGET_NAME = ClipStack;
			};
			name = Debug;
		};
		26ADDD662E9CC9E100D3B9E6 /* Release */ = {
			isa = XCBuildConfiguration;
			buildSettings = {
				ALWAYS_EMBED_SWIFT_STANDARD_LIBRARIES = YES;
				CODE_SIGN_STYLE = Automatic;
				CURRENT_PROJECT_VERSION = 1;
				DEVELOPMENT_TEAM = 3WHRA4R358;
				GENERATE_INFOPLIST_FILE = YES;
				MARKETING_VERSION = 1.0;
				PRODUCT_BUNDLE_IDENTIFIER = com.kimcao.clipstack.ClipStackUITests;
				PRODUCT_NAME = "$(TARGET_NAME)";
				SWIFT_EMIT_LOC_STRINGS = NO;
				SWIFT_VERSION = 5.0;
				TARGETED_DEVICE_FAMILY = "1,2";
				TEST_TARGET_NAME = ClipStack;
			};
			name = Release;
		};
		26E2F44F2EA0840300FD77EE /* Debug */ = {
			isa = XCBuildConfiguration;
			buildSettings = {
				CODE_SIGN_ENTITLEMENTS = ClipStackKeyboard/ClipStackKeyboard.entitlements;
				CODE_SIGN_STYLE = Automatic;
				CURRENT_PROJECT_VERSION = 1;
				DEVELOPMENT_TEAM = 3WHRA4R358;
				GENERATE_INFOPLIST_FILE = YES;
				INFOPLIST_FILE = ClipStackKeyboard/Info.plist;
				INFOPLIST_KEY_CFBundleDisplayName = ClipStackKeyboard;
				INFOPLIST_KEY_NSHumanReadableCopyright = "";
				IPHONEOS_DEPLOYMENT_TARGET = 15.0;
				LD_RUNPATH_SEARCH_PATHS = (
					"$(inherited)",
					"@executable_path/Frameworks",
					"@executable_path/../../Frameworks",
				);
				MARKETING_VERSION = 1.0;
				PRODUCT_BUNDLE_IDENTIFIER = com.kimcao.clipstack.ClipStack.ClipStackKeyboard;
				PRODUCT_NAME = "$(TARGET_NAME)";
				SKIP_INSTALL = YES;
				SWIFT_EMIT_LOC_STRINGS = YES;
				SWIFT_VERSION = 5.0;
				TARGETED_DEVICE_FAMILY = "1,2";
			};
			name = Debug;
		};
		26E2F4502EA0840300FD77EE /* Release */ = {
			isa = XCBuildConfiguration;
			buildSettings = {
				CODE_SIGN_ENTITLEMENTS = ClipStackKeyboard/ClipStackKeyboard.entitlements;
				CODE_SIGN_STYLE = Automatic;
				CURRENT_PROJECT_VERSION = 1;
				DEVELOPMENT_TEAM = 3WHRA4R358;
				GENERATE_INFOPLIST_FILE = YES;
				INFOPLIST_FILE = ClipStackKeyboard/Info.plist;
				INFOPLIST_KEY_CFBundleDisplayName = ClipStackKeyboard;
				INFOPLIST_KEY_NSHumanReadableCopyright = "";
				IPHONEOS_DEPLOYMENT_TARGET = 15.0;
				LD_RUNPATH_SEARCH_PATHS = (
					"$(inherited)",
					"@executable_path/Frameworks",
					"@executable_path/../../Frameworks",
				);
				MARKETING_VERSION = 1.0;
				PRODUCT_BUNDLE_IDENTIFIER = com.kimcao.clipstack.ClipStack.ClipStackKeyboard;
				PRODUCT_NAME = "$(TARGET_NAME)";
				SKIP_INSTALL = YES;
				SWIFT_EMIT_LOC_STRINGS = YES;
				SWIFT_VERSION = 5.0;
				TARGETED_DEVICE_FAMILY = "1,2";
			};
			name = Release;
		};
		26E2F4702EA21C1C00FD77EE /* Debug */ = {
			isa = XCBuildConfiguration;
			buildSettings = {
				ASSETCATALOG_COMPILER_GLOBAL_ACCENT_COLOR_NAME = AccentColor;
				ASSETCATALOG_COMPILER_WIDGET_BACKGROUND_COLOR_NAME = WidgetBackground;
				CODE_SIGN_ENTITLEMENTS = ClipStackWidgetExtension.entitlements;
				CODE_SIGN_STYLE = Automatic;
				CURRENT_PROJECT_VERSION = 1;
				DEVELOPMENT_TEAM = 3WHRA4R358;
				GENERATE_INFOPLIST_FILE = YES;
				INFOPLIST_FILE = ClipStackWidget/Info.plist;
				INFOPLIST_KEY_CFBundleDisplayName = ClipStackWidget;
				INFOPLIST_KEY_NSHumanReadableCopyright = "";
				IPHONEOS_DEPLOYMENT_TARGET = 15.0;
				LD_RUNPATH_SEARCH_PATHS = (
					"$(inherited)",
					"@executable_path/Frameworks",
					"@executable_path/../../Frameworks",
				);
				MARKETING_VERSION = 1.0;
				PRODUCT_BUNDLE_IDENTIFIER = com.kimcao.clipstack.ClipStack.ClipStackWidget;
				PRODUCT_NAME = "$(TARGET_NAME)";
				SKIP_INSTALL = YES;
				SWIFT_EMIT_LOC_STRINGS = YES;
				SWIFT_VERSION = 5.0;
				TARGETED_DEVICE_FAMILY = "1,2";
			};
			name = Debug;
		};
		26E2F4712EA21C1C00FD77EE /* Release */ = {
			isa = XCBuildConfiguration;
			buildSettings = {
				ASSETCATALOG_COMPILER_GLOBAL_ACCENT_COLOR_NAME = AccentColor;
				ASSETCATALOG_COMPILER_WIDGET_BACKGROUND_COLOR_NAME = WidgetBackground;
				CODE_SIGN_ENTITLEMENTS = ClipStackWidgetExtension.entitlements;
				CODE_SIGN_STYLE = Automatic;
				CURRENT_PROJECT_VERSION = 1;
				DEVELOPMENT_TEAM = 3WHRA4R358;
				GENERATE_INFOPLIST_FILE = YES;
				INFOPLIST_FILE = ClipStackWidget/Info.plist;
				INFOPLIST_KEY_CFBundleDisplayName = ClipStackWidget;
				INFOPLIST_KEY_NSHumanReadableCopyright = "";
				IPHONEOS_DEPLOYMENT_TARGET = 15.0;
				LD_RUNPATH_SEARCH_PATHS = (
					"$(inherited)",
					"@executable_path/Frameworks",
					"@executable_path/../../Frameworks",
				);
				MARKETING_VERSION = 1.0;
				PRODUCT_BUNDLE_IDENTIFIER = com.kimcao.clipstack.ClipStack.ClipStackWidget;
				PRODUCT_NAME = "$(TARGET_NAME)";
				SKIP_INSTALL = YES;
				SWIFT_EMIT_LOC_STRINGS = YES;
				SWIFT_VERSION = 5.0;
				TARGETED_DEVICE_FAMILY = "1,2";
			};
			name = Release;
		};
/* End XCBuildConfiguration section */

/* Begin XCConfigurationList section */
		262ED04F2E9F862A00D8BBDB /* Build configuration list for PBXNativeTarget "ClipStackShare" */ = {
			isa = XCConfigurationList;
			buildConfigurations = (
				262ED0502E9F862A00D8BBDB /* Debug */,
				262ED0512E9F862A00D8BBDB /* Release */,
			);
			defaultConfigurationIsVisible = 0;
			defaultConfigurationName = Release;
		};
		26ADDD302E9CC9DF00D3B9E6 /* Build configuration list for PBXProject "ClipStack" */ = {
			isa = XCConfigurationList;
			buildConfigurations = (
				26ADDD5C2E9CC9E100D3B9E6 /* Debug */,
				26ADDD5D2E9CC9E100D3B9E6 /* Release */,
			);
			defaultConfigurationIsVisible = 0;
			defaultConfigurationName = Release;
		};
		26ADDD5E2E9CC9E100D3B9E6 /* Build configuration list for PBXNativeTarget "ClipStack" */ = {
			isa = XCConfigurationList;
			buildConfigurations = (
				26ADDD5F2E9CC9E100D3B9E6 /* Debug */,
				26ADDD602E9CC9E100D3B9E6 /* Release */,
			);
			defaultConfigurationIsVisible = 0;
			defaultConfigurationName = Release;
		};
		26ADDD612E9CC9E100D3B9E6 /* Build configuration list for PBXNativeTarget "ClipStackTests" */ = {
			isa = XCConfigurationList;
			buildConfigurations = (
				26ADDD622E9CC9E100D3B9E6 /* Debug */,
				26ADDD632E9CC9E100D3B9E6 /* Release */,
			);
			defaultConfigurationIsVisible = 0;
			defaultConfigurationName = Release;
		};
		26ADDD642E9CC9E100D3B9E6 /* Build configuration list for PBXNativeTarget "ClipStackUITests" */ = {
			isa = XCConfigurationList;
			buildConfigurations = (
				26ADDD652E9CC9E100D3B9E6 /* Debug */,
				26ADDD662E9CC9E100D3B9E6 /* Release */,
			);
			defaultConfigurationIsVisible = 0;
			defaultConfigurationName = Release;
		};
		26E2F4512EA0840300FD77EE /* Build configuration list for PBXNativeTarget "ClipStackKeyboard" */ = {
			isa = XCConfigurationList;
			buildConfigurations = (
				26E2F44F2EA0840300FD77EE /* Debug */,
				26E2F4502EA0840300FD77EE /* Release */,
			);
			defaultConfigurationIsVisible = 0;
			defaultConfigurationName = Release;
		};
		26E2F46F2EA21C1C00FD77EE /* Build configuration list for PBXNativeTarget "ClipStackWidgetExtension" */ = {
			isa = XCConfigurationList;
			buildConfigurations = (
				26E2F4702EA21C1C00FD77EE /* Debug */,
				26E2F4712EA21C1C00FD77EE /* Release */,
			);
			defaultConfigurationIsVisible = 0;
			defaultConfigurationName = Release;
		};
/* End XCConfigurationList section */

/* Begin XCVersionGroup section */
		26ADDD432E9CC9E100D3B9E6 /* ClipStack.xcdatamodeld */ = {
			isa = XCVersionGroup;
			children = (
				26ADDD442E9CC9E100D3B9E6 /* ClipStack.xcdatamodel */,
			);
			currentVersion = 26ADDD442E9CC9E100D3B9E6 /* ClipStack.xcdatamodel */;
			path = ClipStack.xcdatamodeld;
			sourceTree = "<group>";
			versionGroupType = wrapper.xcdatamodel;
		};
/* End XCVersionGroup section */
	};
	rootObject = 26ADDD2D2E9CC9DF00D3B9E6 /* Project object */;
}
